
Microsoft Visual Studio Solution File, Format Version 12.00
# Visual Studio 14
VisualStudioVersion = 14.0.25420.1
MinimumVisualStudioVersion = 10.0.40219.1
Project("{FAE04EC0-301F-11D3-BF4B-00C04F79EFBC}") = "Task1.Fibonacci", "Task1.Fibonacci\Task1.Fibonacci.csproj", "{900A51C4-B87B-4EF3-BE2A-DD820ECC4EF4}"
EndProject
Project("{FAE04EC0-301F-11D3-BF4B-00C04F79EFBC}") = "Task1.Tests", "Task1.Tests\Task1.Tests.csproj", "{81A9DFE7-F058-4DBB-919E-D22A87AB61E2}"
EndProject
Project("{FAE04EC0-301F-11D3-BF4B-00C04F79EFBC}") = "Task2.GenericSet", "Task2.GenericSet\Task2.GenericSet.csproj", "{03ECA99E-C3BE-42DE-BA55-342B583C133A}"
EndProject
Project("{FAE04EC0-301F-11D3-BF4B-00C04F79EFBC}") = "Task2.Tests", "Task2.Tests\Task2.Tests.csproj", "{5A008F66-A632-40FD-B6DD-B1F25C016A67}"
EndProject
Project("{FAE04EC0-301F-11D3-BF4B-00C04F79EFBC}") = "Task3.Figures", "Task3.Figures\Task3.Figures.csproj", "{D9306B29-0D2C-4267-BB59-07C18EF17192}"
EndProject
Project("{FAE04EC0-301F-11D3-BF4B-00C04F79EFBC}") = "Task3.Tests", "Task3.Tests\Task3.Tests.csproj", "{50306B46-B1A4-4256-B6DF-1FDCAF287067}"
EndProject
Project("{FAE04EC0-301F-11D3-BF4B-00C04F79EFBC}") = "Task4.Matrix", "Task4.Matrix\Task4.Matrix.csproj", "{997FBA6F-DA3A-4906-942A-3F0E41D942AD}"
EndProject
Project("{FAE04EC0-301F-11D3-BF4B-00C04F79EFBC}") = "Task4.Tests", "Task4.Tests\Task4.Tests.csproj", "{D4A3B2DD-9B3A-4C1D-8310-757A6C035245}"
EndProject
Project("{FAE04EC0-301F-11D3-BF4B-00C04F79EFBC}") = "Task5.BinaryTree", "Task5.BinaryTree\Task5.BinaryTree.csproj", "{76B63362-A67E-454F-A132-2074DE3B2198}"
EndProject
Project("{FAE04EC0-301F-11D3-BF4B-00C04F79EFBC}") = "Task5.Tests", "Task5.Tests\Task5.Tests.csproj", "{F537F4D3-A671-477F-A265-A78722EA4538}"
EndProject
Global
	GlobalSection(SolutionConfigurationPlatforms) = preSolution
		Debug|Any CPU = Debug|Any CPU
		Release|Any CPU = Release|Any CPU
	EndGlobalSection
	GlobalSection(ProjectConfigurationPlatforms) = postSolution
		{900A51C4-B87B-4EF3-BE2A-DD820ECC4EF4}.Debug|Any CPU.ActiveCfg = Debug|Any CPU
		{900A51C4-B87B-4EF3-BE2A-DD820ECC4EF4}.Debug|Any CPU.Build.0 = Debug|Any CPU
		{900A51C4-B87B-4EF3-BE2A-DD820ECC4EF4}.Release|Any CPU.ActiveCfg = Release|Any CPU
		{900A51C4-B87B-4EF3-BE2A-DD820ECC4EF4}.Release|Any CPU.Build.0 = Release|Any CPU
		{81A9DFE7-F058-4DBB-919E-D22A87AB61E2}.Debug|Any CPU.ActiveCfg = Debug|Any CPU
		{81A9DFE7-F058-4DBB-919E-D22A87AB61E2}.Debug|Any CPU.Build.0 = Debug|Any CPU
		{81A9DFE7-F058-4DBB-919E-D22A87AB61E2}.Release|Any CPU.ActiveCfg = Release|Any CPU
		{81A9DFE7-F058-4DBB-919E-D22A87AB61E2}.Release|Any CPU.Build.0 = Release|Any CPU
		{03ECA99E-C3BE-42DE-BA55-342B583C133A}.Debug|Any CPU.ActiveCfg = Debug|Any CPU
		{03ECA99E-C3BE-42DE-BA55-342B583C133A}.Debug|Any CPU.Build.0 = Debug|Any CPU
		{03ECA99E-C3BE-42DE-BA55-342B583C133A}.Release|Any CPU.ActiveCfg = Release|Any CPU
		{03ECA99E-C3BE-42DE-BA55-342B583C133A}.Release|Any CPU.Build.0 = Release|Any CPU
		{5A008F66-A632-40FD-B6DD-B1F25C016A67}.Debug|Any CPU.ActiveCfg = Debug|Any CPU
		{5A008F66-A632-40FD-B6DD-B1F25C016A67}.Debug|Any CPU.Build.0 = Debug|Any CPU
		{5A008F66-A632-40FD-B6DD-B1F25C016A67}.Release|Any CPU.ActiveCfg = Release|Any CPU
		{5A008F66-A632-40FD-B6DD-B1F25C016A67}.Release|Any CPU.Build.0 = Release|Any CPU
		{D9306B29-0D2C-4267-BB59-07C18EF17192}.Debug|Any CPU.ActiveCfg = Debug|Any CPU
		{D9306B29-0D2C-4267-BB59-07C18EF17192}.Debug|Any CPU.Build.0 = Debug|Any CPU
		{D9306B29-0D2C-4267-BB59-07C18EF17192}.Release|Any CPU.ActiveCfg = Release|Any CPU
		{D9306B29-0D2C-4267-BB59-07C18EF17192}.Release|Any CPU.Build.0 = Release|Any CPU
		{50306B46-B1A4-4256-B6DF-1FDCAF287067}.Debug|Any CPU.ActiveCfg = Debug|Any CPU
		{50306B46-B1A4-4256-B6DF-1FDCAF287067}.Debug|Any CPU.Build.0 = Debug|Any CPU
		{50306B46-B1A4-4256-B6DF-1FDCAF287067}.Release|Any CPU.ActiveCfg = Release|Any CPU
		{50306B46-B1A4-4256-B6DF-1FDCAF287067}.Release|Any CPU.Build.0 = Release|Any CPU
		{997FBA6F-DA3A-4906-942A-3F0E41D942AD}.Debug|Any CPU.ActiveCfg = Debug|Any CPU
		{997FBA6F-DA3A-4906-942A-3F0E41D942AD}.Debug|Any CPU.Build.0 = Debug|Any CPU
		{997FBA6F-DA3A-4906-942A-3F0E41D942AD}.Release|Any CPU.ActiveCfg = Release|Any CPU
		{997FBA6F-DA3A-4906-942A-3F0E41D942AD}.Release|Any CPU.Build.0 = Release|Any CPU
		{D4A3B2DD-9B3A-4C1D-8310-757A6C035245}.Debug|Any CPU.ActiveCfg = Debug|Any CPU
		{D4A3B2DD-9B3A-4C1D-8310-757A6C035245}.Debug|Any CPU.Build.0 = Debug|Any CPU
		{D4A3B2DD-9B3A-4C1D-8310-757A6C035245}.Release|Any CPU.ActiveCfg = Release|Any CPU
		{D4A3B2DD-9B3A-4C1D-8310-757A6C035245}.Release|Any CPU.Build.0 = Release|Any CPU
		{76B63362-A67E-454F-A132-2074DE3B2198}.Debug|Any CPU.ActiveCfg = Debug|Any CPU
		{76B63362-A67E-454F-A132-2074DE3B2198}.Debug|Any CPU.Build.0 = Debug|Any CPU
		{76B63362-A67E-454F-A132-2074DE3B2198}.Release|Any CPU.ActiveCfg = Release|Any CPU
		{76B63362-A67E-454F-A132-2074DE3B2198}.Release|Any CPU.Build.0 = Release|Any CPU
		{F537F4D3-A671-477F-A265-A78722EA4538}.Debug|Any CPU.ActiveCfg = Debug|Any CPU
		{F537F4D3-A671-477F-A265-A78722EA4538}.Debug|Any CPU.Build.0 = Debug|Any CPU
		{F537F4D3-A671-477F-A265-A78722EA4538}.Release|Any CPU.ActiveCfg = Release|Any CPU
		{F537F4D3-A671-477F-A265-A78722EA4538}.Release|Any CPU.Build.0 = Release|Any CPU
	EndGlobalSection
	GlobalSection(SolutionProperties) = preSolution
		HideSolutionNode = FALSE
	EndGlobalSection
EndGlobal
